// !$*UTF8*$!
{
	archiveVersion = 1;
	classes = {
	};
	objectVersion = 42;
	objects = {

/* Begin PBXBuildFile section */
		4D3E951D0A0232280012DCF9 /* MyDocument.h in Headers */ = {isa = PBXBuildFile; fileRef = 2A37F4AEFDCFA73011CA2CEA /* MyDocument.h */; };
		4D3E951E0A0232280012DCF9 /* BlinkenWarriorAppDelegate.h in Headers */ = {isa = PBXBuildFile; fileRef = 02F79C8405C90AAC005209B0 /* BlinkenWarriorAppDelegate.h */; };
		4D3E951F0A0232280012DCF9 /* Util.h in Headers */ = {isa = PBXBuildFile; fileRef = 026E7BE005D175F2009E4B07 /* Util.h */; };
		4D3E95200A0232280012DCF9 /* IOWarriorLib.h in Headers */ = {isa = PBXBuildFile; fileRef = 4D9FA779067FB4610019AFFD /* IOWarriorLib.h */; };
		4D3E95220A0232280012DCF9 /* Credits.rtf in Resources */ = {isa = PBXBuildFile; fileRef = 2A37F4B9FDCFA73011CA2CEA /* Credits.rtf */; };
		4D3E95230A0232280012DCF9 /* MainMenu.nib in Resources */ = {isa = PBXBuildFile; fileRef = 2A37F4B6FDCFA73011CA2CEA /* MainMenu.nib */; };
		4D3E95240A0232280012DCF9 /* MyDocument.nib in Resources */ = {isa = PBXBuildFile; fileRef = 2A37F4B4FDCFA73011CA2CEA /* MyDocument.nib */; };
		4D3E95250A0232280012DCF9 /* InfoPlist.strings in Resources */ = {isa = PBXBuildFile; fileRef = 089C165FFE840EACC02AAC07 /* InfoPlist.strings */; };
		4D3E95260A0232280012DCF9 /* AppIcon.icns in Resources */ = {isa = PBXBuildFile; fileRef = 0495D320006962C011CA0E35 /* AppIcon.icns */; };
		4D3E95280A0232280012DCF9 /* MyDocument.m in Sources */ = {isa = PBXBuildFile; fileRef = 2A37F4ACFDCFA73011CA2CEA /* MyDocument.m */; settings = {ATTRIBUTES = (); }; };
		4D3E95290A0232280012DCF9 /* main.m in Sources */ = {isa = PBXBuildFile; fileRef = 2A37F4B0FDCFA73011CA2CEA /* main.m */; settings = {ATTRIBUTES = (); }; };
		4D3E952A0A0232280012DCF9 /* BlinkenWarriorAppDelegate.m in Sources */ = {isa = PBXBuildFile; fileRef = 02F79C8305C90AAC005209B0 /* BlinkenWarriorAppDelegate.m */; };
		4D3E952B0A0232280012DCF9 /* Util.c in Sources */ = {isa = PBXBuildFile; fileRef = 026E7BE105D175F2009E4B07 /* Util.c */; };
		4D3E952C0A0232280012DCF9 /* IOWarriorLib.c in Sources */ = {isa = PBXBuildFile; fileRef = 4D9FA778067FB4610019AFFD /* IOWarriorLib.c */; };
		4D3E952E0A0232280012DCF9 /* Cocoa.framework in Frameworks */ = {isa = PBXBuildFile; fileRef = 1058C7A7FEA54F5311CA2CBB /* Cocoa.framework */; };
		4D3E952F0A0232280012DCF9 /* IOKit.framework in Frameworks */ = {isa = PBXBuildFile; fileRef = F510E29803D2679B0131AD61 /* IOKit.framework */; };
		4D3E95300A0232280012DCF9 /* Carbon.framework in Frameworks */ = {isa = PBXBuildFile; fileRef = 026E7BF305D17973009E4B07 /* Carbon.framework */; };
/* End PBXBuildFile section */

/* Begin PBXBuildStyle section */
		4A9504D0FFE6A4CB11CA0CBA /* Development */ = {
			isa = PBXBuildStyle;
			buildSettings = {
				COPY_PHASE_STRIP = NO;
				GCC_DYNAMIC_NO_PIC = NO;
				GCC_ENABLE_FIX_AND_CONTINUE = YES;
				GCC_GENERATE_DEBUGGING_SYMBOLS = YES;
				GCC_OPTIMIZATION_LEVEL = 0;
				OPTIMIZATION_CFLAGS = "-O0";
				ZERO_LINK = YES;
			};
			name = Development;
		};
		4A9504D1FFE6A4CB11CA0CBA /* Deployment */ = {
			isa = PBXBuildStyle;
			buildSettings = {
				COPY_PHASE_STRIP = YES;
				GCC_ENABLE_FIX_AND_CONTINUE = NO;
				ZERO_LINK = NO;
			};
			name = Deployment;
		};
/* End PBXBuildStyle section */

/* Begin PBXFileReference section */
		026E7BE005D175F2009E4B07 /* Util.h */ = {isa = PBXFileReference; fileEncoding = 4; lastKnownFileType = sourcecode.c.h; path = Util.h; sourceTree = "<group>"; };
		026E7BE105D175F2009E4B07 /* Util.c */ = {isa = PBXFileReference; fileEncoding = 4; lastKnownFileType = sourcecode.c.c; path = Util.c; sourceTree = "<group>"; };
		026E7BF305D17973009E4B07 /* Carbon.framework */ = {isa = PBXFileReference; lastKnownFileType = wrapper.framework; name = Carbon.framework; path = /System/Library/Frameworks/Carbon.framework; sourceTree = "<absolute>"; };
		02F79C8305C90AAC005209B0 /* BlinkenWarriorAppDelegate.m */ = {isa = PBXFileReference; fileEncoding = 30; lastKnownFileType = sourcecode.c.objc; path = BlinkenWarriorAppDelegate.m; sourceTree = "<group>"; };
		02F79C8405C90AAC005209B0 /* BlinkenWarriorAppDelegate.h */ = {isa = PBXFileReference; fileEncoding = 30; lastKnownFileType = sourcecode.c.h; path = BlinkenWarriorAppDelegate.h; sourceTree = "<group>"; };
		0495D320006962C011CA0E35 /* AppIcon.icns */ = {isa = PBXFileReference; lastKnownFileType = image.icns; path = AppIcon.icns; sourceTree = "<group>"; };
		089C1660FE840EACC02AAC07 /* English */ = {isa = PBXFileReference; fileEncoding = 10; lastKnownFileType = text.plist.strings; name = English; path = English.lproj/InfoPlist.strings; sourceTree = "<group>"; };
		1058C7A7FEA54F5311CA2CBB /* Cocoa.framework */ = {isa = PBXFileReference; lastKnownFileType = wrapper.framework; name = Cocoa.framework; path = /System/Library/Frameworks/Cocoa.framework; sourceTree = "<absolute>"; };
		2A37F4ACFDCFA73011CA2CEA /* MyDocument.m */ = {isa = PBXFileReference; fileEncoding = 30; lastKnownFileType = sourcecode.c.objc; path = MyDocument.m; sourceTree = "<group>"; };
		2A37F4AEFDCFA73011CA2CEA /* MyDocument.h */ = {isa = PBXFileReference; fileEncoding = 30; lastKnownFileType = sourcecode.c.h; path = MyDocument.h; sourceTree = "<group>"; };
		2A37F4B0FDCFA73011CA2CEA /* main.m */ = {isa = PBXFileReference; fileEncoding = 30; lastKnownFileType = sourcecode.c.objc; path = main.m; sourceTree = "<group>"; };
		2A37F4B5FDCFA73011CA2CEA /* English */ = {isa = PBXFileReference; lastKnownFileType = wrapper.nib; name = English; path = English.lproj/MyDocument.nib; sourceTree = "<group>"; };
		2A37F4B7FDCFA73011CA2CEA /* English */ = {isa = PBXFileReference; lastKnownFileType = wrapper.nib; name = English; path = English.lproj/MainMenu.nib; sourceTree = "<group>"; };
		2A37F4BAFDCFA73011CA2CEA /* English */ = {isa = PBXFileReference; lastKnownFileType = text.rtf; name = English; path = English.lproj/Credits.rtf; sourceTree = "<group>"; };
		2A37F4C4FDCFA73011CA2CEA /* AppKit.framework */ = {isa = PBXFileReference; lastKnownFileType = wrapper.framework; name = AppKit.framework; path = /System/Library/Frameworks/AppKit.framework; sourceTree = "<absolute>"; };
		2A37F4C5FDCFA73011CA2CEA /* Foundation.framework */ = {isa = PBXFileReference; lastKnownFileType = wrapper.framework; name = Foundation.framework; path = /System/Library/Frameworks/Foundation.framework; sourceTree = "<absolute>"; };
		4D3E95360A0232280012DCF9 /* Info-BlinkenWarrior__Upgraded_.plist */ = {isa = PBXFileReference; lastKnownFileType = text.xml; path = "Info-BlinkenWarrior__Upgraded_.plist"; sourceTree = "<group>"; };
		4D3E95370A0232280012DCF9 /* BlinkenWarrior.app */ = {isa = PBXFileReference; explicitFileType = wrapper.application; includeInIndex = 0; path = BlinkenWarrior.app; sourceTree = BUILT_PRODUCTS_DIR; };
		4D9FA778067FB4610019AFFD /* IOWarriorLib.c */ = {isa = PBXFileReference; fileEncoding = 30; lastKnownFileType = sourcecode.c.c; name = IOWarriorLib.c; path = "../IOWarrior Lib Sources/IOWarriorLib.c"; sourceTree = SOURCE_ROOT; };
		4D9FA779067FB4610019AFFD /* IOWarriorLib.h */ = {isa = PBXFileReference; fileEncoding = 30; lastKnownFileType = sourcecode.c.h; name = IOWarriorLib.h; path = "../IOWarrior Lib Sources/IOWarriorLib.h"; sourceTree = SOURCE_ROOT; };
		F510E29803D2679B0131AD61 /* IOKit.framework */ = {isa = PBXFileReference; lastKnownFileType = wrapper.framework; name = IOKit.framework; path = /System/Library/Frameworks/IOKit.framework; sourceTree = "<absolute>"; };
/* End PBXFileReference section */

/* Begin PBXFrameworksBuildPhase section */
		4D3E952D0A0232280012DCF9 /* Frameworks */ = {
			isa = PBXFrameworksBuildPhase;
			buildActionMask = 2147483647;
			files = (
				4D3E952E0A0232280012DCF9 /* Cocoa.framework in Frameworks */,
				4D3E952F0A0232280012DCF9 /* IOKit.framework in Frameworks */,
				4D3E95300A0232280012DCF9 /* Carbon.framework in Frameworks */,
			);
			runOnlyForDeploymentPostprocessing = 0;
		};
/* End PBXFrameworksBuildPhase section */

/* Begin PBXGroup section */
		0495D31E006962C011CA0E35 /* Images */ = {
			isa = PBXGroup;
			children = (
				0495D320006962C011CA0E35 /* AppIcon.icns */,
			);
			name = Images;
			sourceTree = "<group>";
		};
		1058C7A6FEA54F5311CA2CBB /* Linked Frameworks */ = {
			isa = PBXGroup;
			children = (
				026E7BF305D17973009E4B07 /* Carbon.framework */,
				1058C7A7FEA54F5311CA2CBB /* Cocoa.framework */,
				F510E29803D2679B0131AD61 /* IOKit.framework */,
			);
			name = "Linked Frameworks";
			sourceTree = "<group>";
		};
		1058C7A8FEA54F5311CA2CBB /* Other Frameworks */ = {
			isa = PBXGroup;
			children = (
				2A37F4C5FDCFA73011CA2CEA /* Foundation.framework */,
				2A37F4C4FDCFA73011CA2CEA /* AppKit.framework */,
			);
			name = "Other Frameworks";
			sourceTree = "<group>";
		};
		19C28FB0FE9D524F11CA2CBB /* Products */ = {
			isa = PBXGroup;
			children = (
				4D3E95370A0232280012DCF9 /* BlinkenWarrior.app */,
			);
			name = Products;
			sourceTree = "<group>";
		};
		2A37F4AAFDCFA73011CA2CEA /* SimpleToolbarObjC */ = {
			isa = PBXGroup;
			children = (
				2A37F4ABFDCFA73011CA2CEA /* Sources */,
				2A37F4B8FDCFA73011CA2CEA /* Resources */,
				2A37F4C3FDCFA73011CA2CEA /* Frameworks */,
				19C28FB0FE9D524F11CA2CBB /* Products */,
				4D3E95360A0232280012DCF9 /* Info-BlinkenWarrior__Upgraded_.plist */,
			);
			name = SimpleToolbarObjC;
			sourceTree = "<group>";
		};
		2A37F4ABFDCFA73011CA2CEA /* Sources */ = {
			isa = PBXGroup;
			children = (
				4D9FA778067FB4610019AFFD /* IOWarriorLib.c */,
				4D9FA779067FB4610019AFFD /* IOWarriorLib.h */,
				026E7BE005D175F2009E4B07 /* Util.h */,
				026E7BE105D175F2009E4B07 /* Util.c */,
				2A37F4B0FDCFA73011CA2CEA /* main.m */,
				2A37F4AEFDCFA73011CA2CEA /* MyDocument.h */,
				2A37F4ACFDCFA73011CA2CEA /* MyDocument.m */,
				02F79C8305C90AAC005209B0 /* BlinkenWarriorAppDelegate.m */,
				02F79C8405C90AAC005209B0 /* BlinkenWarriorAppDelegate.h */,
			);
			name = Sources;
			sourceTree = "<group>";
		};
		2A37F4B8FDCFA73011CA2CEA /* Resources */ = {
			isa = PBXGroup;
			children = (
				0495D31E006962C011CA0E35 /* Images */,
				2A37F4B9FDCFA73011CA2CEA /* Credits.rtf */,
				2A37F4B6FDCFA73011CA2CEA /* MainMenu.nib */,
				2A37F4B4FDCFA73011CA2CEA /* MyDocument.nib */,
				089C165FFE840EACC02AAC07 /* InfoPlist.strings */,
			);
			name = Resources;
			sourceTree = "<group>";
		};
		2A37F4C3FDCFA73011CA2CEA /* Frameworks */ = {
			isa = PBXGroup;
			children = (
				1058C7A6FEA54F5311CA2CBB /* Linked Frameworks */,
				1058C7A8FEA54F5311CA2CBB /* Other Frameworks */,
			);
			name = Frameworks;
			sourceTree = "<group>";
		};
/* End PBXGroup section */

/* Begin PBXHeadersBuildPhase section */
		4D3E951C0A0232280012DCF9 /* Headers */ = {
			isa = PBXHeadersBuildPhase;
			buildActionMask = 2147483647;
			files = (
				4D3E951D0A0232280012DCF9 /* MyDocument.h in Headers */,
				4D3E951E0A0232280012DCF9 /* BlinkenWarriorAppDelegate.h in Headers */,
				4D3E951F0A0232280012DCF9 /* Util.h in Headers */,
				4D3E95200A0232280012DCF9 /* IOWarriorLib.h in Headers */,
			);
			runOnlyForDeploymentPostprocessing = 0;
		};
/* End PBXHeadersBuildPhase section */

/* Begin PBXNativeTarget section */
		4D3E951B0A0232280012DCF9 /* BlinkenWarrior */ = {
			isa = PBXNativeTarget;
			buildConfigurationList = 4D3E95320A0232280012DCF9 /* Build configuration list for PBXNativeTarget "BlinkenWarrior" */;
			buildPhases = (
				4D3E951C0A0232280012DCF9 /* Headers */,
				4D3E95210A0232280012DCF9 /* Resources */,
				4D3E95270A0232280012DCF9 /* Sources */,
				4D3E952D0A0232280012DCF9 /* Frameworks */,
				4D3E95310A0232280012DCF9 /* Rez */,
			);
			buildRules = (
			);
			buildSettings = {
				FRAMEWORK_SEARCH_PATHS = "";
				HEADER_SEARCH_PATHS = "";
				LIBRARY_SEARCH_PATHS = "";
				OPTIMIZATION_CFLAGS = "-O0";
				OTHER_CFLAGS = "";
				OTHER_LDFLAGS = "";
				PRODUCT_NAME = BlinkenWarrior;
				SECTORDER_FLAGS = "";
				WARNING_CFLAGS = (
					"-Wmost",
					"-Wno-four-char-constants",
					"-Wno-unknown-pragmas",
				);
				WRAPPER_EXTENSION = app;
			};
			dependencies = (
			);
			name = BlinkenWarrior;
			productName = SimpleToolbarObjC;
			productReference = 4D3E95370A0232280012DCF9 /* BlinkenWarrior.app */;
			productType = "com.apple.product-type.application";
		};
/* End PBXNativeTarget section */

/* Begin PBXProject section */
		2A37F4A9FDCFA73011CA2CEA /* Project object */ = {
			isa = PBXProject;
			buildConfigurationList = 4D3E95390A0232290012DCF9 /* Build configuration list for PBXProject "BlinkenWarrior" */;
			buildSettings = {
			};
			buildStyles = (
				4A9504D0FFE6A4CB11CA0CBA /* Development */,
				4A9504D1FFE6A4CB11CA0CBA /* Deployment */,
			);
			hasScannedForEncodings = 1;
			mainGroup = 2A37F4AAFDCFA73011CA2CEA /* SimpleToolbarObjC */;
			projectDirPath = "";
			targets = (
				4D3E951B0A0232280012DCF9 /* BlinkenWarrior */,
			);
		};
/* End PBXProject section */

/* Begin PBXResourcesBuildPhase section */
		4D3E95210A0232280012DCF9 /* Resources */ = {
			isa = PBXResourcesBuildPhase;
			buildActionMask = 2147483647;
			files = (
				4D3E95220A0232280012DCF9 /* Credits.rtf in Resources */,
				4D3E95230A0232280012DCF9 /* MainMenu.nib in Resources */,
				4D3E95240A0232280012DCF9 /* MyDocument.nib in Resources */,
				4D3E95250A0232280012DCF9 /* InfoPlist.strings in Resources */,
				4D3E95260A0232280012DCF9 /* AppIcon.icns in Resources */,
			);
			runOnlyForDeploymentPostprocessing = 0;
		};
/* End PBXResourcesBuildPhase section */

/* Begin PBXRezBuildPhase section */
		4D3E95310A0232280012DCF9 /* Rez */ = {
			isa = PBXRezBuildPhase;
			buildActionMask = 2147483647;
			files = (
			);
			runOnlyForDeploymentPostprocessing = 0;
		};
/* End PBXRezBuildPhase section */

/* Begin PBXSourcesBuildPhase section */
		4D3E95270A0232280012DCF9 /* Sources */ = {
			isa = PBXSourcesBuildPhase;
			buildActionMask = 2147483647;
			files = (
				4D3E95280A0232280012DCF9 /* MyDocument.m in Sources */,
				4D3E95290A0232280012DCF9 /* main.m in Sources */,
				4D3E952A0A0232280012DCF9 /* BlinkenWarriorAppDelegate.m in Sources */,
				4D3E952B0A0232280012DCF9 /* Util.c in Sources */,
				4D3E952C0A0232280012DCF9 /* IOWarriorLib.c in Sources */,
			);
			runOnlyForDeploymentPostprocessing = 0;
		};
/* End PBXSourcesBuildPhase section */

/* Begin PBXVariantGroup section */
		089C165FFE840EACC02AAC07 /* InfoPlist.strings */ = {
			isa = PBXVariantGroup;
			children = (
				089C1660FE840EACC02AAC07 /* English */,
			);
			name = InfoPlist.strings;
			sourceTree = "<group>";
		};
		2A37F4B4FDCFA73011CA2CEA /* MyDocument.nib */ = {
			isa = PBXVariantGroup;
			children = (
				2A37F4B5FDCFA73011CA2CEA /* English */,
			);
			name = MyDocument.nib;
			sourceTree = "<group>";
		};
		2A37F4B6FDCFA73011CA2CEA /* MainMenu.nib */ = {
			isa = PBXVariantGroup;
			children = (
				2A37F4B7FDCFA73011CA2CEA /* English */,
			);
			name = MainMenu.nib;
			sourceTree = "<group>";
		};
		2A37F4B9FDCFA73011CA2CEA /* Credits.rtf */ = {
			isa = PBXVariantGroup;
			children = (
				2A37F4BAFDCFA73011CA2CEA /* English */,
			);
			name = Credits.rtf;
			sourceTree = "<group>";
		};
/* End PBXVariantGroup section */

/* Begin XCBuildConfiguration section */
		4D3E95330A0232280012DCF9 /* Development */ = {
			isa = XCBuildConfiguration;
			buildSettings = {
				COPY_PHASE_STRIP = NO;
				FRAMEWORK_SEARCH_PATHS = "";
				GCC_DYNAMIC_NO_PIC = NO;
				GCC_ENABLE_FIX_AND_CONTINUE = YES;
				GCC_GENERATE_DEBUGGING_SYMBOLS = YES;
				GCC_OPTIMIZATION_LEVEL = 0;
				HEADER_SEARCH_PATHS = "";
				INFOPLIST_FILE = "Info-BlinkenWarrior__Upgraded_.plist";
				LIBRARY_SEARCH_PATHS = "";
				OTHER_CFLAGS = "";
				OTHER_LDFLAGS = "";
				PRODUCT_NAME = BlinkenWarrior;
				SECTORDER_FLAGS = "";
				WARNING_CFLAGS = (
					"-Wmost",
					"-Wno-four-char-constants",
					"-Wno-unknown-pragmas",
				);
				WRAPPER_EXTENSION = app;
				ZERO_LINK = YES;
			};
			name = Development;
		};
		4D3E95340A0232280012DCF9 /* Deployment */ = {
			isa = XCBuildConfiguration;
			buildSettings = {
				COPY_PHASE_STRIP = YES;
				FRAMEWORK_SEARCH_PATHS = "";
				GCC_ENABLE_FIX_AND_CONTINUE = NO;
				GCC_OPTIMIZATION_LEVEL = 0;
				HEADER_SEARCH_PATHS = "";
				INFOPLIST_FILE = "Info-BlinkenWarrior__Upgraded_.plist";
				LIBRARY_SEARCH_PATHS = "";
				OTHER_CFLAGS = "";
				OTHER_LDFLAGS = "";
				PRODUCT_NAME = BlinkenWarrior;
				SECTORDER_FLAGS = "";
				WARNING_CFLAGS = (
					"-Wmost",
					"-Wno-four-char-constants",
					"-Wno-unknown-pragmas",
				);
				WRAPPER_EXTENSION = app;
				ZERO_LINK = NO;
			};
			name = Deployment;
		};
		4D3E953A0A0232290012DCF9 /* Development */ = {
			isa = XCBuildConfiguration;
			buildSettings = {
				MACOSX_DEPLOYMENT_TARGET_i386 = 10.4;
				MACOSX_DEPLOYMENT_TARGET_ppc = 10.3;
				SDKROOT_i386 = /Developer/SDKs/MacOSX10.4u.sdk;
				SDKROOT_ppc = /Developer/SDKs/MacOSX10.3.9.sdk;
			};
			name = Development;
		};
		4D3E953B0A0232290012DCF9 /* Deployment */ = {
			isa = XCBuildConfiguration;
			buildSettings = {
				ARCHS = (
					ppc,
					i386,
				);
				MACOSX_DEPLOYMENT_TARGET_i386 = 10.4;
				MACOSX_DEPLOYMENT_TARGET_ppc = 10.3;
				SDKROOT_i386 = /Developer/SDKs/MacOSX10.4u.sdk;
				SDKROOT_ppc = /Developer/SDKs/MacOSX10.3.9.sdk;
			};
			name = Deployment;
		};
/* End XCBuildConfiguration section */

/* Begin XCConfigurationList section */
		4D3E95320A0232280012DCF9 /* Build configuration list for PBXNativeTarget "BlinkenWarrior" */ = {
			isa = XCConfigurationList;
			buildConfigurations = (
				4D3E95330A0232280012DCF9 /* Development */,
				4D3E95340A0232280012DCF9 /* Deployment */,
			);
			defaultConfigurationIsVisible = 0;
			defaultConfigurationName = Development;
		};
		4D3E95390A0232290012DCF9 /* Build configuration list for PBXProject "BlinkenWarrior" */ = {
			isa = XCConfigurationList;
			buildConfigurations = (
				4D3E953A0A0232290012DCF9 /* Development */,
				4D3E953B0A0232290012DCF9 /* Deployment */,
			);
			defaultConfigurationIsVisible = 0;
			defaultConfigurationName = Development;
		};
/* End XCConfigurationList section */
	};
	rootObject = 2A37F4A9FDCFA73011CA2CEA /* Project object */;
}
