// !$*UTF8*$!
{
	archiveVersion = 1;
	classes = {
	};
	objectVersion = 42;
	objects = {

/* Begin PBXBuildFile section */
		4D8FB75F0A0218EC0057770E /* IOWarriorLib.h in Headers */ = {isa = PBXBuildFile; fileRef = 4D3EDF5203D33EA9000A9090 /* IOWarriorLib.h */; };
		4D8FB7610A0218EC0057770E /* main.c in Sources */ = {isa = PBXBuildFile; fileRef = 08FB7796FE84155DC02AAC07 /* main.c */; settings = {ATTRIBUTES = (); }; };
		4D8FB7620A0218EC0057770E /* IOWarriorLib.c in Sources */ = {isa = PBXBuildFile; fileRef = 4D3EDF5103D33EA9000A9090 /* IOWarriorLib.c */; };
		4D8FB7640A0218EC0057770E /* CoreFoundation.framework in Frameworks */ = {isa = PBXBuildFile; fileRef = 09AB6884FE841BABC02AAC07 /* CoreFoundation.framework */; };
		4D8FB7650A0218EC0057770E /* IOKit.framework in Frameworks */ = {isa = PBXBuildFile; fileRef = 4D3EDF5503D3411A000A9090 /* IOKit.framework */; };
/* End PBXBuildFile section */

/* Begin PBXCopyFilesBuildPhase section */
		4D8FB7670A0218EC0057770E /* CopyFiles */ = {
			isa = PBXCopyFilesBuildPhase;
			buildActionMask = 8;
			dstPath = /usr/share/man/man1/;
			dstSubfolderSpec = 0;
			files = (
			);
			runOnlyForDeploymentPostprocessing = 1;
		};
/* End PBXCopyFilesBuildPhase section */

/* Begin PBXFileReference section */
		08FB7796FE84155DC02AAC07 /* main.c */ = {isa = PBXFileReference; fileEncoding = 4; lastKnownFileType = sourcecode.c.c; path = main.c; sourceTree = "<group>"; };
		09AB6884FE841BABC02AAC07 /* CoreFoundation.framework */ = {isa = PBXFileReference; lastKnownFileType = wrapper.framework; name = CoreFoundation.framework; path = /System/Library/Frameworks/CoreFoundation.framework; sourceTree = "<absolute>"; };
		4D3EDF5103D33EA9000A9090 /* IOWarriorLib.c */ = {isa = PBXFileReference; fileEncoding = 30; lastKnownFileType = sourcecode.c.c; name = IOWarriorLib.c; path = "../IOWarrior Lib Sources/IOWarriorLib.c"; sourceTree = SOURCE_ROOT; };
		4D3EDF5203D33EA9000A9090 /* IOWarriorLib.h */ = {isa = PBXFileReference; fileEncoding = 30; lastKnownFileType = sourcecode.c.h; name = IOWarriorLib.h; path = "../IOWarrior Lib Sources/IOWarriorLib.h"; sourceTree = SOURCE_ROOT; };
		4D3EDF5503D3411A000A9090 /* IOKit.framework */ = {isa = PBXFileReference; lastKnownFileType = wrapper.framework; name = IOKit.framework; path = ../../../../../System/Library/Frameworks/IOKit.framework; sourceTree = SOURCE_ROOT; };
		4D8FB76C0A0218EC0057770E /* IOWarriorCLITest */ = {isa = PBXFileReference; explicitFileType = "compiled.mach-o.executable"; includeInIndex = 0; path = IOWarriorCLITest; sourceTree = BUILT_PRODUCTS_DIR; };
		C6859E970290921104C91782 /* IOWarriorCLITest.1 */ = {isa = PBXFileReference; lastKnownFileType = text.man; path = IOWarriorCLITest.1; sourceTree = "<group>"; };
/* End PBXFileReference section */

/* Begin PBXFrameworksBuildPhase section */
		4D8FB7630A0218EC0057770E /* Frameworks */ = {
			isa = PBXFrameworksBuildPhase;
			buildActionMask = 2147483647;
			files = (
				4D8FB7640A0218EC0057770E /* CoreFoundation.framework in Frameworks */,
				4D8FB7650A0218EC0057770E /* IOKit.framework in Frameworks */,
			);
			runOnlyForDeploymentPostprocessing = 0;
		};
/* End PBXFrameworksBuildPhase section */

/* Begin PBXGroup section */
		08FB7794FE84155DC02AAC07 /* IOWarriorCLITest */ = {
			isa = PBXGroup;
			children = (
				08FB7795FE84155DC02AAC07 /* Source */,
				4D3EDF5003D33E89000A9090 /* IOWarrior Lib Sources */,
				C6859E96029091FE04C91782 /* Documentation */,
				08FB779DFE84155DC02AAC07 /* External Frameworks and Libraries */,
				19C28FBDFE9D53C911CA2CBB /* Products */,
			);
			name = IOWarriorCLITest;
			sourceTree = "<group>";
		};
		08FB7795FE84155DC02AAC07 /* Source */ = {
			isa = PBXGroup;
			children = (
				08FB7796FE84155DC02AAC07 /* main.c */,
			);
			name = Source;
			sourceTree = "<group>";
		};
		08FB779DFE84155DC02AAC07 /* External Frameworks and Libraries */ = {
			isa = PBXGroup;
			children = (
				09AB6884FE841BABC02AAC07 /* CoreFoundation.framework */,
				4D3EDF5503D3411A000A9090 /* IOKit.framework */,
			);
			name = "External Frameworks and Libraries";
			sourceTree = "<group>";
		};
		19C28FBDFE9D53C911CA2CBB /* Products */ = {
			isa = PBXGroup;
			children = (
				4D8FB76C0A0218EC0057770E /* IOWarriorCLITest */,
			);
			name = Products;
			sourceTree = "<group>";
		};
		4D3EDF5003D33E89000A9090 /* IOWarrior Lib Sources */ = {
			isa = PBXGroup;
			children = (
				4D3EDF5103D33EA9000A9090 /* IOWarriorLib.c */,
				4D3EDF5203D33EA9000A9090 /* IOWarriorLib.h */,
			);
			name = "IOWarrior Lib Sources";
			sourceTree = "<group>";
		};
		C6859E96029091FE04C91782 /* Documentation */ = {
			isa = PBXGroup;
			children = (
				C6859E970290921104C91782 /* IOWarriorCLITest.1 */,
			);
			name = Documentation;
			sourceTree = "<group>";
		};
/* End PBXGroup section */

/* Begin PBXHeadersBuildPhase section */
		4D8FB75E0A0218EC0057770E /* Headers */ = {
			isa = PBXHeadersBuildPhase;
			buildActionMask = 2147483647;
			files = (
				4D8FB75F0A0218EC0057770E /* IOWarriorLib.h in Headers */,
			);
			runOnlyForDeploymentPostprocessing = 0;
		};
/* End PBXHeadersBuildPhase section */

/* Begin PBXNativeTarget section */
		4D8FB75D0A0218EC0057770E /* IOWarriorCLITest */ = {
			isa = PBXNativeTarget;
			buildConfigurationList = 4D8FB7680A0218EC0057770E /* Build configuration list for PBXNativeTarget "IOWarriorCLITest" */;
			buildPhases = (
				4D8FB75E0A0218EC0057770E /* Headers */,
				4D8FB7600A0218EC0057770E /* Sources */,
				4D8FB7630A0218EC0057770E /* Frameworks */,
				4D8FB7660A0218EC0057770E /* Rez */,
				4D8FB7670A0218EC0057770E /* CopyFiles */,
			);
			buildRules = (
			);
			dependencies = (
			);
			name = IOWarriorCLITest;
			productInstallPath = "$(HOME)/bin";
			productName = IOWarriorCLITest;
			productReference = 4D8FB76C0A0218EC0057770E /* IOWarriorCLITest */;
			productType = "com.apple.product-type.tool";
		};
/* End PBXNativeTarget section */

/* Begin PBXProject section */
		08FB7793FE84155DC02AAC07 /* Project object */ = {
			isa = PBXProject;
			buildConfigurationList = 4D8FB7420A0218400057770E /* Build configuration list for PBXProject "IOWarriorCLITest" */;
			compatibilityVersion = "Xcode 2.4";
			developmentRegion = English;
			hasScannedForEncodings = 1;
			knownRegions = (
				en,
			);
			mainGroup = 08FB7794FE84155DC02AAC07 /* IOWarriorCLITest */;
			projectDirPath = "";
			projectRoot = "";
			targets = (
				4D8FB75D0A0218EC0057770E /* IOWarriorCLITest */,
			);
		};
/* End PBXProject section */

/* Begin PBXRezBuildPhase section */
		4D8FB7660A0218EC0057770E /* Rez */ = {
			isa = PBXRezBuildPhase;
			buildActionMask = 2147483647;
			files = (
			);
			runOnlyForDeploymentPostprocessing = 0;
		};
/* End PBXRezBuildPhase section */

/* Begin PBXSourcesBuildPhase section */
		4D8FB7600A0218EC0057770E /* Sources */ = {
			isa = PBXSourcesBuildPhase;
			buildActionMask = 2147483647;
			files = (
				4D8FB7610A0218EC0057770E /* main.c in Sources */,
				4D8FB7620A0218EC0057770E /* IOWarriorLib.c in Sources */,
			);
			runOnlyForDeploymentPostprocessing = 0;
		};
/* End PBXSourcesBuildPhase section */

/* Begin XCBuildConfiguration section */
		4D8FB7430A0218400057770E /* Development */ = {
			isa = XCBuildConfiguration;
			buildSettings = {
				ARCHS = "$(ARCHS_STANDARD_32_64_BIT_PRE_XCODE_3_1)";
				ARCHS_STANDARD_32_64_BIT_PRE_XCODE_3_1 = "x86_64 i386 ppc";
			};
			name = Development;
		};
		4D8FB7440A0218400057770E /* Deployment */ = {
			isa = XCBuildConfiguration;
			buildSettings = {
				ARCHS = "$(ARCHS_STANDARD_32_64_BIT_PRE_XCODE_3_1)";
				ARCHS_STANDARD_32_64_BIT_PRE_XCODE_3_1 = "x86_64 i386 ppc";
			};
			name = Deployment;
		};
		4D8FB7690A0218EC0057770E /* Development */ = {
			isa = XCBuildConfiguration;
			buildSettings = {
				COPY_PHASE_STRIP = NO;
				FRAMEWORK_SEARCH_PATHS = "";
				GCC_DYNAMIC_NO_PIC = NO;
				GCC_ENABLE_FIX_AND_CONTINUE = YES;
				GCC_GENERATE_DEBUGGING_SYMBOLS = YES;
				GCC_OPTIMIZATION_LEVEL = 0;
				HEADER_SEARCH_PATHS = "";
				INSTALL_PATH = "$(HOME)/bin";
				LIBRARY_SEARCH_PATHS = "";
				OTHER_CFLAGS = "";
				OTHER_LDFLAGS = "";
				OTHER_REZFLAGS = "";
				PREBINDING = NO;
				PRODUCT_NAME = IOWarriorCLITest;
				REZ_EXECUTABLE = YES;
				SECTORDER_FLAGS = "";
				WARNING_CFLAGS = (
					"-Wmost",
					"-Wno-four-char-constants",
					"-Wno-unknown-pragmas",
				);
				ZERO_LINK = YES;
			};
			name = Development;
		};
		4D8FB76A0A0218EC0057770E /* Deployment */ = {
			isa = XCBuildConfiguration;
			buildSettings = {
				COPY_PHASE_STRIP = YES;
				FRAMEWORK_SEARCH_PATHS = "";
				GCC_ENABLE_FIX_AND_CONTINUE = NO;
				HEADER_SEARCH_PATHS = "";
				INSTALL_PATH = "$(HOME)/bin";
				LIBRARY_SEARCH_PATHS = "";
				OTHER_CFLAGS = "";
				OTHER_LDFLAGS = "";
				OTHER_REZFLAGS = "";
				PREBINDING = NO;
				PRODUCT_NAME = IOWarriorCLITest;
				REZ_EXECUTABLE = YES;
				SECTORDER_FLAGS = "";
				WARNING_CFLAGS = (
					"-Wmost",
					"-Wno-four-char-constants",
					"-Wno-unknown-pragmas",
				);
				ZERO_LINK = NO;
			};
			name = Deployment;
		};
/* End XCBuildConfiguration section */

/* Begin XCConfigurationList section */
		4D8FB7420A0218400057770E /* Build configuration list for PBXProject "IOWarriorCLITest" */ = {
			isa = XCConfigurationList;
			buildConfigurations = (
				4D8FB7430A0218400057770E /* Development */,
				4D8FB7440A0218400057770E /* Deployment */,
			);
			defaultConfigurationIsVisible = 0;
			defaultConfigurationName = Development;
		};
		4D8FB7680A0218EC0057770E /* Build configuration list for PBXNativeTarget "IOWarriorCLITest" */ = {
			isa = XCConfigurationList;
			buildConfigurations = (
				4D8FB7690A0218EC0057770E /* Development */,
				4D8FB76A0A0218EC0057770E /* Deployment */,
			);
			defaultConfigurationIsVisible = 0;
			defaultConfigurationName = Development;
		};
/* End XCConfigurationList section */
	};
	rootObject = 08FB7793FE84155DC02AAC07 /* Project object */;
}
