// !$*UTF8*$!
{
	archiveVersion = 1;
	classes = {
	};
	objectVersion = 39;
	objects = {
		080E96DDFE201D6D7F000001 = {
			children = (
				4D60CCDF0557000C00C3B586,
				4D60CCE00557000C00C3B586,
				4D0EA76705398859004E1290,
				4D0EA76805398859004E1290,
				4D0EA7610539883D004E1290,
				4D0EA7620539883D004E1290,
				4D0C2EAC0536CB0500F87350,
				4D0C2EAD0536CB0500F87350,
			);
			isa = PBXGroup;
			name = Classes;
			refType = 4;
			sourceTree = "<group>";
		};
		089C165CFE840E0CC02AAC07 = {
			children = (
				089C165DFE840E0CC02AAC07,
			);
			isa = PBXVariantGroup;
			name = InfoPlist.strings;
			refType = 4;
			sourceTree = "<group>";
		};
		089C165DFE840E0CC02AAC07 = {
			fileEncoding = 10;
			isa = PBXFileReference;
			lastKnownFileType = text.plist.strings;
			name = English;
			path = English.lproj/InfoPlist.strings;
			refType = 4;
			sourceTree = "<group>";
		};
//080
//081
//082
//083
//084
//100
//101
//102
//103
//104
		1058C7A0FEA54F0111CA2CBB = {
			children = (
				4D613BA50535AE4D001D3AF3,
				1058C7A1FEA54F0111CA2CBB,
			);
			isa = PBXGroup;
			name = "Linked Frameworks";
			refType = 4;
			sourceTree = "<group>";
		};
		1058C7A1FEA54F0111CA2CBB = {
			isa = PBXFileReference;
			lastKnownFileType = wrapper.framework;
			name = Cocoa.framework;
			path = /System/Library/Frameworks/Cocoa.framework;
			refType = 0;
			sourceTree = "<absolute>";
		};
		1058C7A2FEA54F0111CA2CBB = {
			children = (
				29B97325FDCFA39411CA2CEA,
				29B97324FDCFA39411CA2CEA,
			);
			isa = PBXGroup;
			name = "Other Frameworks";
			refType = 4;
			sourceTree = "<group>";
		};
//100
//101
//102
//103
//104
//190
//191
//192
//193
//194
		19C28FACFE9D520D11CA2CBB = {
			children = (
				8D1107320486CEB800E47090,
			);
			isa = PBXGroup;
			name = Products;
			refType = 4;
			sourceTree = "<group>";
		};
//190
//191
//192
//193
//194
//290
//291
//292
//293
//294
		29B97313FDCFA39411CA2CEA = {
			buildSettings = {
			};
			buildStyles = (
				4A9504CCFFE6A4B311CA0CBA,
				4A9504CDFFE6A4B311CA0CBA,
			);
			hasScannedForEncodings = 1;
			isa = PBXProject;
			mainGroup = 29B97314FDCFA39411CA2CEA;
			projectDirPath = "";
			targets = (
				8D1107260486CEB800E47090,
			);
		};
		29B97314FDCFA39411CA2CEA = {
			children = (
				080E96DDFE201D6D7F000001,
				29B97315FDCFA39411CA2CEA,
				4D613B9A0535AE0A001D3AF3,
				29B97317FDCFA39411CA2CEA,
				29B97323FDCFA39411CA2CEA,
				19C28FACFE9D520D11CA2CBB,
				4D0C2E860536C98D00F87350,
			);
			isa = PBXGroup;
			name = IOWarrior24IRTest;
			path = "";
			refType = 4;
			sourceTree = "<group>";
		};
		29B97315FDCFA39411CA2CEA = {
			children = (
				32CA4F630368D1EE00C91783,
				29B97316FDCFA39411CA2CEA,
			);
			isa = PBXGroup;
			name = "Other Sources";
			path = "";
			refType = 4;
			sourceTree = "<group>";
		};
		29B97316FDCFA39411CA2CEA = {
			fileEncoding = 30;
			isa = PBXFileReference;
			lastKnownFileType = sourcecode.c.objc;
			path = main.m;
			refType = 4;
			sourceTree = "<group>";
		};
		29B97317FDCFA39411CA2CEA = {
			children = (
				4D933D460535CF5C0050CE7F,
				8D1107310486CEB800E47090,
				089C165CFE840E0CC02AAC07,
				29B97318FDCFA39411CA2CEA,
				4D0EA74D05398241004E1290,
				4D0EA75C0539880A004E1290,
				4DF6693D053EDC420060CBF8,
			);
			isa = PBXGroup;
			name = Resources;
			path = "";
			refType = 4;
			sourceTree = "<group>";
		};
		29B97318FDCFA39411CA2CEA = {
			children = (
				29B97319FDCFA39411CA2CEA,
			);
			isa = PBXVariantGroup;
			name = MainMenu.nib;
			path = "";
			refType = 4;
			sourceTree = "<group>";
		};
		29B97319FDCFA39411CA2CEA = {
			isa = PBXFileReference;
			lastKnownFileType = wrapper.nib;
			name = English;
			path = English.lproj/MainMenu.nib;
			refType = 4;
			sourceTree = "<group>";
		};
		29B97323FDCFA39411CA2CEA = {
			children = (
				1058C7A0FEA54F0111CA2CBB,
				1058C7A2FEA54F0111CA2CBB,
				4DE84A7B0546D945001BF235,
			);
			isa = PBXGroup;
			name = Frameworks;
			path = "";
			refType = 4;
			sourceTree = "<group>";
		};
		29B97324FDCFA39411CA2CEA = {
			isa = PBXFileReference;
			lastKnownFileType = wrapper.framework;
			name = AppKit.framework;
			path = /System/Library/Frameworks/AppKit.framework;
			refType = 0;
			sourceTree = "<absolute>";
		};
		29B97325FDCFA39411CA2CEA = {
			isa = PBXFileReference;
			lastKnownFileType = wrapper.framework;
			name = Foundation.framework;
			path = /System/Library/Frameworks/Foundation.framework;
			refType = 0;
			sourceTree = "<absolute>";
		};
//290
//291
//292
//293
//294
//320
//321
//322
//323
//324
		32CA4F630368D1EE00C91783 = {
			fileEncoding = 4;
			isa = PBXFileReference;
			lastKnownFileType = sourcecode.c.h;
			path = IOWarrior24IRTest_Prefix.pch;
			refType = 4;
			sourceTree = "<group>";
		};
//320
//321
//322
//323
//324
//4A0
//4A1
//4A2
//4A3
//4A4
		4A9504CCFFE6A4B311CA0CBA = {
			buildSettings = {
				COPY_PHASE_STRIP = NO;
				DEBUGGING_SYMBOLS = YES;
				GCC_DYNAMIC_NO_PIC = NO;
				GCC_ENABLE_FIX_AND_CONTINUE = YES;
				GCC_GENERATE_DEBUGGING_SYMBOLS = YES;
				GCC_OPTIMIZATION_LEVEL = 0;
				OPTIMIZATION_CFLAGS = "-O0";
				ZERO_LINK = YES;
			};
			isa = PBXBuildStyle;
			name = Development;
		};
		4A9504CDFFE6A4B311CA0CBA = {
			buildSettings = {
				COPY_PHASE_STRIP = YES;
				GCC_ENABLE_FIX_AND_CONTINUE = NO;
				ZERO_LINK = NO;
			};
			isa = PBXBuildStyle;
			name = Deployment;
		};
//4A0
//4A1
//4A2
//4A3
//4A4
//4D0
//4D1
//4D2
//4D3
//4D4
		4D0C2E860536C98D00F87350 = {
			children = (
				4D0C2E870536C98D00F87350,
				4D0C2E880536C98D00F87350,
				4D0C2E890536C98D00F87350,
				4D0C2E8A0536C98D00F87350,
				4D0C2E8B0536C98D00F87350,
				4D0C2E8C0536C98D00F87350,
				4D0C2E8D0536C98D00F87350,
				4D0C2E8E0536C98D00F87350,
				4D0C2E8F0536C98D00F87350,
				4D0C2E900536C98D00F87350,
				4D0C2E910536C98D00F87350,
			);
			isa = PBXGroup;
			path = "NDAppleScript Object Soures";
			refType = 4;
			sourceTree = "<group>";
		};
		4D0C2E870536C98D00F87350 = {
			fileEncoding = 30;
			isa = PBXFileReference;
			lastKnownFileType = sourcecode.c.h;
			path = NDAppleScriptObject.h;
			refType = 4;
			sourceTree = "<group>";
		};
		4D0C2E880536C98D00F87350 = {
			fileEncoding = 30;
			isa = PBXFileReference;
			lastKnownFileType = sourcecode.c.objc;
			path = NDAppleScriptObject.m;
			refType = 4;
			sourceTree = "<group>";
		};
		4D0C2E890536C98D00F87350 = {
			fileEncoding = 30;
			isa = PBXFileReference;
			lastKnownFileType = sourcecode.c.h;
			path = NDAppleScriptObject_Protocols.h;
			refType = 4;
			sourceTree = "<group>";
		};
		4D0C2E8A0536C98D00F87350 = {
			fileEncoding = 30;
			isa = PBXFileReference;
			lastKnownFileType = sourcecode.c.h;
			path = NDResourceFork.h;
			refType = 4;
			sourceTree = "<group>";
		};
		4D0C2E8B0536C98D00F87350 = {
			fileEncoding = 30;
			isa = PBXFileReference;
			lastKnownFileType = sourcecode.c.objc;
			path = NDResourceFork.m;
			refType = 4;
			sourceTree = "<group>";
		};
		4D0C2E8C0536C98D00F87350 = {
			fileEncoding = 30;
			isa = PBXFileReference;
			lastKnownFileType = sourcecode.c.h;
			path = "NSAppleEventDescriptor+NDAppleScriptObject.h";
			refType = 4;
			sourceTree = "<group>";
		};
		4D0C2E8D0536C98D00F87350 = {
			fileEncoding = 30;
			isa = PBXFileReference;
			lastKnownFileType = sourcecode.c.objc;
			path = "NSAppleEventDescriptor+NDAppleScriptObject.m";
			refType = 4;
			sourceTree = "<group>";
		};
		4D0C2E8E0536C98D00F87350 = {
			fileEncoding = 30;
			isa = PBXFileReference;
			lastKnownFileType = sourcecode.c.h;
			path = "NSString+CarbonUtilities.h";
			refType = 4;
			sourceTree = "<group>";
		};
		4D0C2E8F0536C98D00F87350 = {
			fileEncoding = 30;
			isa = PBXFileReference;
			lastKnownFileType = sourcecode.c.objc;
			path = "NSString+CarbonUtilities.m";
			refType = 4;
			sourceTree = "<group>";
		};
		4D0C2E900536C98D00F87350 = {
			fileEncoding = 30;
			isa = PBXFileReference;
			lastKnownFileType = sourcecode.c.h;
			path = "NSURL+NDCarbonUtilities.h";
			refType = 4;
			sourceTree = "<group>";
		};
		4D0C2E910536C98D00F87350 = {
			fileEncoding = 30;
			isa = PBXFileReference;
			lastKnownFileType = sourcecode.c.objc;
			path = "NSURL+NDCarbonUtilities.m";
			refType = 4;
			sourceTree = "<group>";
		};
		4D0C2E920536C98D00F87350 = {
			fileRef = 4D0C2E870536C98D00F87350;
			isa = PBXBuildFile;
			settings = {
			};
		};
		4D0C2E930536C98D00F87350 = {
			fileRef = 4D0C2E880536C98D00F87350;
			isa = PBXBuildFile;
			settings = {
			};
		};
		4D0C2E940536C98D00F87350 = {
			fileRef = 4D0C2E890536C98D00F87350;
			isa = PBXBuildFile;
			settings = {
			};
		};
		4D0C2E950536C98D00F87350 = {
			fileRef = 4D0C2E8A0536C98D00F87350;
			isa = PBXBuildFile;
			settings = {
			};
		};
		4D0C2E960536C98D00F87350 = {
			fileRef = 4D0C2E8B0536C98D00F87350;
			isa = PBXBuildFile;
			settings = {
			};
		};
		4D0C2E970536C98D00F87350 = {
			fileRef = 4D0C2E8C0536C98D00F87350;
			isa = PBXBuildFile;
			settings = {
			};
		};
		4D0C2E980536C98D00F87350 = {
			fileRef = 4D0C2E8D0536C98D00F87350;
			isa = PBXBuildFile;
			settings = {
			};
		};
		4D0C2E990536C98D00F87350 = {
			fileRef = 4D0C2E8E0536C98D00F87350;
			isa = PBXBuildFile;
			settings = {
			};
		};
		4D0C2E9A0536C98D00F87350 = {
			fileRef = 4D0C2E8F0536C98D00F87350;
			isa = PBXBuildFile;
			settings = {
			};
		};
		4D0C2E9B0536C98D00F87350 = {
			fileRef = 4D0C2E900536C98D00F87350;
			isa = PBXBuildFile;
			settings = {
			};
		};
		4D0C2E9C0536C98D00F87350 = {
			fileRef = 4D0C2E910536C98D00F87350;
			isa = PBXBuildFile;
			settings = {
			};
		};
		4D0C2EAC0536CB0500F87350 = {
			fileEncoding = 4;
			isa = PBXFileReference;
			lastKnownFileType = sourcecode.c.h;
			path = ScriptPanelController.h;
			refType = 4;
			sourceTree = "<group>";
		};
		4D0C2EAD0536CB0500F87350 = {
			fileEncoding = 4;
			isa = PBXFileReference;
			lastKnownFileType = sourcecode.c.objc;
			path = ScriptPanelController.m;
			refType = 4;
			sourceTree = "<group>";
		};
		4D0C2EAE0536CB0500F87350 = {
			fileRef = 4D0C2EAC0536CB0500F87350;
			isa = PBXBuildFile;
			settings = {
			};
		};
		4D0C2EAF0536CB0500F87350 = {
			fileRef = 4D0C2EAD0536CB0500F87350;
			isa = PBXBuildFile;
			settings = {
			};
		};
		4D0EA74D05398241004E1290 = {
			children = (
				4D0EA74E05398241004E1290,
			);
			isa = PBXVariantGroup;
			name = ScriptPanel.nib;
			path = "";
			refType = 4;
			sourceTree = "<group>";
		};
		4D0EA74E05398241004E1290 = {
			isa = PBXFileReference;
			lastKnownFileType = wrapper.nib;
			name = English;
			path = English.lproj/ScriptPanel.nib;
			refType = 4;
			sourceTree = "<group>";
		};
		4D0EA74F05398241004E1290 = {
			fileRef = 4D0EA74D05398241004E1290;
			isa = PBXBuildFile;
			settings = {
			};
		};
		4D0EA75C0539880A004E1290 = {
			children = (
				4D0EA75D0539880A004E1290,
			);
			isa = PBXVariantGroup;
			name = CommandPanel.nib;
			path = "";
			refType = 4;
			sourceTree = "<group>";
		};
		4D0EA75D0539880A004E1290 = {
			isa = PBXFileReference;
			lastKnownFileType = wrapper.nib;
			name = English;
			path = English.lproj/CommandPanel.nib;
			refType = 4;
			sourceTree = "<group>";
		};
		4D0EA75E0539880A004E1290 = {
			fileRef = 4D0EA75C0539880A004E1290;
			isa = PBXBuildFile;
			settings = {
			};
		};
		4D0EA7610539883D004E1290 = {
			fileEncoding = 4;
			isa = PBXFileReference;
			lastKnownFileType = sourcecode.c.h;
			path = CommandPanelController.h;
			refType = 4;
			sourceTree = "<group>";
		};
		4D0EA7620539883D004E1290 = {
			fileEncoding = 4;
			isa = PBXFileReference;
			lastKnownFileType = sourcecode.c.objc;
			path = CommandPanelController.m;
			refType = 4;
			sourceTree = "<group>";
		};
		4D0EA7630539883D004E1290 = {
			fileRef = 4D0EA7610539883D004E1290;
			isa = PBXBuildFile;
			settings = {
			};
		};
		4D0EA7640539883D004E1290 = {
			fileRef = 4D0EA7620539883D004E1290;
			isa = PBXBuildFile;
			settings = {
			};
		};
		4D0EA76705398859004E1290 = {
			fileEncoding = 4;
			isa = PBXFileReference;
			lastKnownFileType = sourcecode.c.h;
			path = Command.h;
			refType = 4;
			sourceTree = "<group>";
		};
		4D0EA76805398859004E1290 = {
			fileEncoding = 4;
			isa = PBXFileReference;
			lastKnownFileType = sourcecode.c.objc;
			path = Command.m;
			refType = 4;
			sourceTree = "<group>";
		};
		4D0EA76905398859004E1290 = {
			fileRef = 4D0EA76705398859004E1290;
			isa = PBXBuildFile;
			settings = {
			};
		};
		4D0EA76A05398859004E1290 = {
			fileRef = 4D0EA76805398859004E1290;
			isa = PBXBuildFile;
			settings = {
			};
		};
		4D60CCDF0557000C00C3B586 = {
			fileEncoding = 30;
			isa = PBXFileReference;
			lastKnownFileType = sourcecode.c.h;
			path = MainController.h;
			refType = 4;
			sourceTree = "<group>";
		};
		4D60CCE00557000C00C3B586 = {
			fileEncoding = 30;
			isa = PBXFileReference;
			lastKnownFileType = sourcecode.c.objc;
			path = MainController.m;
			refType = 4;
			sourceTree = "<group>";
		};
		4D60CCE10557000C00C3B586 = {
			fileRef = 4D60CCDF0557000C00C3B586;
			isa = PBXBuildFile;
			settings = {
			};
		};
		4D60CCE20557000C00C3B586 = {
			fileRef = 4D60CCE00557000C00C3B586;
			isa = PBXBuildFile;
			settings = {
			};
		};
		4D613B9A0535AE0A001D3AF3 = {
			children = (
				4D613B9F0535AE32001D3AF3,
				4D613BA00535AE32001D3AF3,
			);
			isa = PBXGroup;
			name = "IOWarrior Library";
			refType = 4;
			sourceTree = "<group>";
		};
		4D613B9F0535AE32001D3AF3 = {
			fileEncoding = 30;
			isa = PBXFileReference;
			lastKnownFileType = sourcecode.c.c;
			name = IOWarriorLib.c;
			path = "/Volumes/Mac OS X/Users/ilja/source/IOWarrior/IOWarrior Lib Sources/IOWarriorLib.c";
			refType = 0;
			sourceTree = "<absolute>";
		};
		4D613BA00535AE32001D3AF3 = {
			fileEncoding = 30;
			isa = PBXFileReference;
			lastKnownFileType = sourcecode.c.h;
			name = IOWarriorLib.h;
			path = "/Volumes/Mac OS X/Users/ilja/source/IOWarrior/IOWarrior Lib Sources/IOWarriorLib.h";
			refType = 0;
			sourceTree = "<absolute>";
		};
		4D613BA10535AE32001D3AF3 = {
			fileRef = 4D613B9F0535AE32001D3AF3;
			isa = PBXBuildFile;
			settings = {
			};
		};
		4D613BA20535AE32001D3AF3 = {
			fileRef = 4D613BA00535AE32001D3AF3;
			isa = PBXBuildFile;
			settings = {
			};
		};
		4D613BA50535AE4D001D3AF3 = {
			isa = PBXFileReference;
			lastKnownFileType = wrapper.framework;
			name = IOKit.framework;
			path = /System/Library/Frameworks/IOKit.framework;
			refType = 0;
			sourceTree = "<absolute>";
		};
		4D613BA60535AE4D001D3AF3 = {
			fileRef = 4D613BA50535AE4D001D3AF3;
			isa = PBXBuildFile;
			settings = {
			};
		};
		4D933D460535CF5C0050CE7F = {
			fileEncoding = 30;
			isa = PBXFileReference;
			lastKnownFileType = text.plist;
			path = rc5codes.plist;
			refType = 4;
			sourceTree = "<group>";
		};
		4D933D470535CF5C0050CE7F = {
			fileRef = 4D933D460535CF5C0050CE7F;
			isa = PBXBuildFile;
			settings = {
			};
		};
		4DE84A7B0546D945001BF235 = {
			isa = PBXFileReference;
			lastKnownFileType = wrapper.framework;
			name = Carbon.framework;
			path = /System/Library/Frameworks/Carbon.framework;
			refType = 0;
			sourceTree = "<absolute>";
		};
		4DE84A7C0546D945001BF235 = {
			fileRef = 4DE84A7B0546D945001BF235;
			isa = PBXBuildFile;
			settings = {
			};
		};
		4DF6693D053EDC420060CBF8 = {
			fileEncoding = 30;
			isa = PBXFileReference;
			lastKnownFileType = text.plist;
			path = defaults.plist;
			refType = 4;
			sourceTree = "<group>";
		};
		4DF6693E053EDC420060CBF8 = {
			fileRef = 4DF6693D053EDC420060CBF8;
			isa = PBXBuildFile;
			settings = {
			};
		};
//4D0
//4D1
//4D2
//4D3
//4D4
//8D0
//8D1
//8D2
//8D3
//8D4
		8D1107260486CEB800E47090 = {
			buildPhases = (
				8D1107270486CEB800E47090,
				8D1107290486CEB800E47090,
				8D11072C0486CEB800E47090,
				8D11072E0486CEB800E47090,
			);
			buildRules = (
			);
			buildSettings = {
				FRAMEWORK_SEARCH_PATHS = "";
				GCC_ENABLE_TRIGRAPHS = NO;
				GCC_GENERATE_DEBUGGING_SYMBOLS = NO;
				GCC_PRECOMPILE_PREFIX_HEADER = YES;
				GCC_PREFIX_HEADER = IOWarrior24IRTest_Prefix.pch;
				GCC_WARN_ABOUT_MISSING_PROTOTYPES = NO;
				GCC_WARN_FOUR_CHARACTER_CONSTANTS = NO;
				GCC_WARN_UNKNOWN_PRAGMAS = NO;
				HEADER_SEARCH_PATHS = "";
				INFOPLIST_FILE = Info.plist;
				INSTALL_PATH = "$(HOME)/Applications";
				LIBRARY_SEARCH_PATHS = "";
				OTHER_CFLAGS = "";
				OTHER_LDFLAGS = "";
				PRODUCT_NAME = IOWarrior24IRTest;
				SECTORDER_FLAGS = "";
				WARNING_CFLAGS = "-Wmost -Wno-four-char-constants -Wno-unknown-pragmas";
				WRAPPER_EXTENSION = app;
			};
			dependencies = (
			);
			isa = PBXNativeTarget;
			name = IOWarrior24IRTest;
			productInstallPath = "$(HOME)/Applications";
			productName = IOWarrior24IRTest;
			productReference = 8D1107320486CEB800E47090;
			productType = "com.apple.product-type.application";
		};
		8D1107270486CEB800E47090 = {
			buildActionMask = 2147483647;
			files = (
				8D1107280486CEB800E47090,
				4D613BA20535AE32001D3AF3,
				4D0C2E920536C98D00F87350,
				4D0C2E940536C98D00F87350,
				4D0C2E950536C98D00F87350,
				4D0C2E970536C98D00F87350,
				4D0C2E990536C98D00F87350,
				4D0C2E9B0536C98D00F87350,
				4D0C2EAE0536CB0500F87350,
				4D0EA7630539883D004E1290,
				4D0EA76905398859004E1290,
				4D60CCE10557000C00C3B586,
			);
			isa = PBXHeadersBuildPhase;
			runOnlyForDeploymentPostprocessing = 0;
		};
		8D1107280486CEB800E47090 = {
			fileRef = 32CA4F630368D1EE00C91783;
			isa = PBXBuildFile;
			settings = {
			};
		};
		8D1107290486CEB800E47090 = {
			buildActionMask = 2147483647;
			files = (
				8D11072A0486CEB800E47090,
				8D11072B0486CEB800E47090,
				4D933D470535CF5C0050CE7F,
				4D0EA74F05398241004E1290,
				4D0EA75E0539880A004E1290,
				4DF6693E053EDC420060CBF8,
			);
			isa = PBXResourcesBuildPhase;
			runOnlyForDeploymentPostprocessing = 0;
		};
		8D11072A0486CEB800E47090 = {
			fileRef = 29B97318FDCFA39411CA2CEA;
			isa = PBXBuildFile;
			settings = {
			};
		};
		8D11072B0486CEB800E47090 = {
			fileRef = 089C165CFE840E0CC02AAC07;
			isa = PBXBuildFile;
			settings = {
			};
		};
		8D11072C0486CEB800E47090 = {
			buildActionMask = 2147483647;
			files = (
				8D11072D0486CEB800E47090,
				4D613BA10535AE32001D3AF3,
				4D0C2E930536C98D00F87350,
				4D0C2E960536C98D00F87350,
				4D0C2E980536C98D00F87350,
				4D0C2E9A0536C98D00F87350,
				4D0C2E9C0536C98D00F87350,
				4D0C2EAF0536CB0500F87350,
				4D0EA7640539883D004E1290,
				4D0EA76A05398859004E1290,
				4D60CCE20557000C00C3B586,
			);
			isa = PBXSourcesBuildPhase;
			runOnlyForDeploymentPostprocessing = 0;
		};
		8D11072D0486CEB800E47090 = {
			fileRef = 29B97316FDCFA39411CA2CEA;
			isa = PBXBuildFile;
			settings = {
				ATTRIBUTES = (
				);
			};
		};
		8D11072E0486CEB800E47090 = {
			buildActionMask = 2147483647;
			files = (
				8D11072F0486CEB800E47090,
				4D613BA60535AE4D001D3AF3,
				4DE84A7C0546D945001BF235,
			);
			isa = PBXFrameworksBuildPhase;
			runOnlyForDeploymentPostprocessing = 0;
		};
		8D11072F0486CEB800E47090 = {
			fileRef = 1058C7A1FEA54F0111CA2CBB;
			isa = PBXBuildFile;
			settings = {
			};
		};
		8D1107310486CEB800E47090 = {
			fileEncoding = 4;
			isa = PBXFileReference;
			lastKnownFileType = text.plist;
			path = Info.plist;
			refType = 4;
			sourceTree = "<group>";
		};
		8D1107320486CEB800E47090 = {
			explicitFileType = wrapper.application;
			includeInIndex = 0;
			isa = PBXFileReference;
			path = IOWarrior24IRTest.app;
			refType = 3;
			sourceTree = BUILT_PRODUCTS_DIR;
		};
	};
	rootObject = 29B97313FDCFA39411CA2CEA;
}
